
Microsoft Visual Studio Solution File, Format Version 12.00
# Visual Studio Version 17
VisualStudioVersion = 17.14.36202.13 d17.14
MinimumVisualStudioVersion = 10.0.40219.1
Project("{FAE04EC0-301F-11D3-BF4B-00C04F79EFBC}") = "Cental.EntityLayer", "Cental.EntityLayer\Cental.EntityLayer.csproj", "{EC8C9B4D-8DD0-47CC-8DCB-2B1C3724AFAB}"
EndProject
Project("{FAE04EC0-301F-11D3-BF4B-00C04F79EFBC}") = "Cental.DataAccessLayer", "Cental.DataAccessLayer\Cental.DataAccessLayer.csproj", "{D57697DF-37D3-439D-8732-471337D97E95}"
EndProject
Project("{FAE04EC0-301F-11D3-BF4B-00C04F79EFBC}") = "Cental.BusinessLayer", "Cental.BusinessLayer\Cental.BusinessLayer.csproj", "{213F086F-2773-4457-95C5-CBF176A34D0E}"
EndProject
Project("{FAE04EC0-301F-11D3-BF4B-00C04F79EFBC}") = "Cental.DTOLayer", "Cental.DTOLayer\Cental.DTOLayer.csproj", "{F7E6B9C5-0D64-4A3B-BC67-A8596F326078}"
EndProject
Project("{FAE04EC0-301F-11D3-BF4B-00C04F79EFBC}") = "Cental.WebUI", "Cental.WebUI\Cental.WebUI.csproj", "{058BC50C-7832-40FD-AC3D-2764BCDC4AAF}"
EndProject
Global
	GlobalSection(SolutionConfigurationPlatforms) = preSolution
		Debug|Any CPU = Debug|Any CPU
		Release|Any CPU = Release|Any CPU
	EndGlobalSection
	GlobalSection(ProjectConfigurationPlatforms) = postSolution
		{EC8C9B4D-8DD0-47CC-8DCB-2B1C3724AFAB}.Debug|Any CPU.ActiveCfg = Debug|Any CPU
		{EC8C9B4D-8DD0-47CC-8DCB-2B1C3724AFAB}.Debug|Any CPU.Build.0 = Debug|Any CPU
		{EC8C9B4D-8DD0-47CC-8DCB-2B1C3724AFAB}.Release|Any CPU.ActiveCfg = Release|Any CPU
		{EC8C9B4D-8DD0-47CC-8DCB-2B1C3724AFAB}.Release|Any CPU.Build.0 = Release|Any CPU
		{D57697DF-37D3-439D-8732-471337D97E95}.Debug|Any CPU.ActiveCfg = Debug|Any CPU
		{D57697DF-37D3-439D-8732-471337D97E95}.Debug|Any CPU.Build.0 = Debug|Any CPU
		{D57697DF-37D3-439D-8732-471337D97E95}.Release|Any CPU.ActiveCfg = Release|Any CPU
		{D57697DF-37D3-439D-8732-471337D97E95}.Release|Any CPU.Build.0 = Release|Any CPU
		{213F086F-2773-4457-95C5-CBF176A34D0E}.Debug|Any CPU.ActiveCfg = Debug|Any CPU
		{213F086F-2773-4457-95C5-CBF176A34D0E}.Debug|Any CPU.Build.0 = Debug|Any CPU
		{213F086F-2773-4457-95C5-CBF176A34D0E}.Release|Any CPU.ActiveCfg = Release|Any CPU
		{213F086F-2773-4457-95C5-CBF176A34D0E}.Release|Any CPU.Build.0 = Release|Any CPU
		{F7E6B9C5-0D64-4A3B-BC67-A8596F326078}.Debug|Any CPU.ActiveCfg = Debug|Any CPU
		{F7E6B9C5-0D64-4A3B-BC67-A8596F326078}.Debug|Any CPU.Build.0 = Debug|Any CPU
		{F7E6B9C5-0D64-4A3B-BC67-A8596F326078}.Release|Any CPU.ActiveCfg = Release|Any CPU
		{F7E6B9C5-0D64-4A3B-BC67-A8596F326078}.Release|Any CPU.Build.0 = Release|Any CPU
		{058BC50C-7832-40FD-AC3D-2764BCDC4AAF}.Debug|Any CPU.ActiveCfg = Debug|Any CPU
		{058BC50C-7832-40FD-AC3D-2764BCDC4AAF}.Debug|Any CPU.Build.0 = Debug|Any CPU
		{058BC50C-7832-40FD-AC3D-2764BCDC4AAF}.Release|Any CPU.ActiveCfg = Release|Any CPU
		{058BC50C-7832-40FD-AC3D-2764BCDC4AAF}.Release|Any CPU.Build.0 = Release|Any CPU
	EndGlobalSection
	GlobalSection(SolutionProperties) = preSolution
		HideSolutionNode = FALSE
	EndGlobalSection
	GlobalSection(ExtensibilityGlobals) = postSolution
		SolutionGuid = {39345F2D-65D1-4521-B721-3AABAACE9124}
	EndGlobalSection
EndGlobal
